
Microsoft Visual Studio Solution File, Format Version 12.00
# Visual Studio Version 16
VisualStudioVersion = 16.0.30503.244
MinimumVisualStudioVersion = 10.0.40219.1
Project("{9A19103F-16F7-4668-BE54-9A1E7A4F7556}") = "Felt.Redactor.Json", "Felt.Redactor.Json\Felt.Redactor.Json.csproj", "{B1C6FD5B-773F-4DEF-9D64-C6AAC14977A8}"
EndProject
Project("{9A19103F-16F7-4668-BE54-9A1E7A4F7556}") = "Felt.Redactor.Json.Tests", "Felt.Redactor.Json.Tests\Felt.Redactor.Json.Tests.csproj", "{4B5EED8D-2793-46ED-9704-4AEB8C9D1BB7}"
EndProject
Global
	GlobalSection(SolutionConfigurationPlatforms) = preSolution
		Debug|Any CPU = Debug|Any CPU
		Release|Any CPU = Release|Any CPU
	EndGlobalSection
	GlobalSection(ProjectConfigurationPlatforms) = postSolution
		{B1C6FD5B-773F-4DEF-9D64-C6AAC14977A8}.Debug|Any CPU.ActiveCfg = Debug|Any CPU
		{B1C6FD5B-773F-4DEF-9D64-C6AAC14977A8}.Debug|Any CPU.Build.0 = Debug|Any CPU
		{B1C6FD5B-773F-4DEF-9D64-C6AAC14977A8}.Release|Any CPU.ActiveCfg = Release|Any CPU
		{B1C6FD5B-773F-4DEF-9D64-C6AAC14977A8}.Release|Any CPU.Build.0 = Release|Any CPU
		{4B5EED8D-2793-46ED-9704-4AEB8C9D1BB7}.Debug|Any CPU.ActiveCfg = Debug|Any CPU
		{4B5EED8D-2793-46ED-9704-4AEB8C9D1BB7}.Debug|Any CPU.Build.0 = Debug|Any CPU
		{4B5EED8D-2793-46ED-9704-4AEB8C9D1BB7}.Release|Any CPU.ActiveCfg = Release|Any CPU
		{4B5EED8D-2793-46ED-9704-4AEB8C9D1BB7}.Release|Any CPU.Build.0 = Release|Any CPU
	EndGlobalSection
	GlobalSection(SolutionProperties) = preSolution
		HideSolutionNode = FALSE
	EndGlobalSection
	GlobalSection(ExtensibilityGlobals) = postSolution
		SolutionGuid = {FD8A7EE6-0B52-488E-A5AF-2D838B7281B8}
	EndGlobalSection
EndGlobal
